PODS:
  - audioplayers (0.0.1):
    - Flutter
  - camera (0.0.1):
    - Flutter
  - connectivity (0.0.1):
    - Flutter
    - Reachability
  - dim (0.2.7):
    - Flutter
    - TXIMSDK_iOS
    - YYModel
  - Flutter (1.0.0)
  - flutter_image_compress (0.0.1):
    - Flutter
    - Mantle
    - SDWebImage
    - SDWebImageWebPCoder
  - flutter_sound (0.0.1):
    - Flutter
  - FMDB (2.7.5):
    - FMDB/standard (= 2.7.5)
  - FMDB/standard (2.7.5)
  - image_picker (0.0.1):
    - Flutter
  - libwebp (1.2.0):
    - libwebp/demux (= 1.2.0)
    - libwebp/mux (= 1.2.0)
    - libwebp/webp (= 1.2.0)
  - libwebp/demux (1.2.0):
    - libwebp/webp
  - libwebp/mux (1.2.0):
    - libwebp/demux
  - libwebp/webp (1.2.0)
  - Mantle (2.1.6):
    - Mantle/extobjc (= 2.1.6)
  - Mantle/extobjc (2.1.6)
  - open_file (0.0.1):
    - Flutter
  - package_info_plus (0.4.5):
    - Flutter
  - path_provider (0.0.1):
    - Flutter
  - permission_handler (3.1.0):
    - Flutter
  - photo_manager (1.0.0):
    - Flutter
    - FlutterMacOS
  - Reachability (3.2)
  - SDWebImage (5.11.0):
    - SDWebImage/Core (= 5.11.0)
  - SDWebImage/Core (5.11.0)
  - SDWebImageWebPCoder (0.8.3):
    - libwebp (~> 1.0)
    - SDWebImage/Core (~> 5.10)
  - shared_preferences (0.0.1):
    - Flutter
  - sqflite (0.0.2):
    - Flutter
    - FMDB (>= 2.7.5)
  - TXIMSDK_iOS (5.1.60)
  - url_launcher (0.0.1):
    - Flutter
  - video_player_avfoundation (0.0.1):
    - Flutter
  - webview_flutter (0.0.1):
    - Flutter
  - YYModel (1.0.4)

DEPENDENCIES:
  - audioplayers (from `.symlinks/plugins/audioplayers/ios`)
  - camera (from `.symlinks/plugins/camera/ios`)
  - connectivity (from `.symlinks/plugins/connectivity/ios`)
  - dim (from `.symlinks/plugins/dim/ios`)
  - Flutter (from `Flutter`)
  - flutter_image_compress (from `.symlinks/plugins/flutter_image_compress/ios`)
  - flutter_sound (from `.symlinks/plugins/flutter_sound/ios`)
  - image_picker (from `.symlinks/plugins/image_picker/ios`)
  - open_file (from `.symlinks/plugins/open_file/ios`)
  - package_info_plus (from `.symlinks/plugins/package_info_plus/ios`)
  - path_provider (from `.symlinks/plugins/path_provider/ios`)
  - permission_handler (from `.symlinks/plugins/permission_handler/ios`)
  - photo_manager (from `.symlinks/plugins/photo_manager/ios`)
  - shared_preferences (from `.symlinks/plugins/shared_preferences/ios`)
  - sqflite (from `.symlinks/plugins/sqflite/ios`)
  - url_launcher (from `.symlinks/plugins/url_launcher/ios`)
  - video_player_avfoundation (from `.symlinks/plugins/video_player_avfoundation/ios`)
  - webview_flutter (from `.symlinks/plugins/webview_flutter/ios`)

SPEC REPOS:
  trunk:
    - FMDB
    - libwebp
    - Mantle
    - Reachability
    - SDWebImage
    - SDWebImageWebPCoder
    - TXIMSDK_iOS
    - YYModel

EXTERNAL SOURCES:
  audioplayers:
    :path: ".symlinks/plugins/audioplayers/ios"
  camera:
    :path: ".symlinks/plugins/camera/ios"
  connectivity:
    :path: ".symlinks/plugins/connectivity/ios"
  dim:
    :path: ".symlinks/plugins/dim/ios"
  Flutter:
    :path: Flutter
  flutter_image_compress:
    :path: ".symlinks/plugins/flutter_image_compress/ios"
  flutter_sound:
    :path: ".symlinks/plugins/flutter_sound/ios"
  image_picker:
    :path: ".symlinks/plugins/image_picker/ios"
  open_file:
    :path: ".symlinks/plugins/open_file/ios"
  package_info_plus:
    :path: ".symlinks/plugins/package_info_plus/ios"
  path_provider:
    :path: ".symlinks/plugins/path_provider/ios"
  permission_handler:
    :path: ".symlinks/plugins/permission_handler/ios"
  photo_manager:
    :path: ".symlinks/plugins/photo_manager/ios"
  shared_preferences:
    :path: ".symlinks/plugins/shared_preferences/ios"
  sqflite:
    :path: ".symlinks/plugins/sqflite/ios"
  url_launcher:
    :path: ".symlinks/plugins/url_launcher/ios"
  video_player_avfoundation:
    :path: ".symlinks/plugins/video_player_avfoundation/ios"
  webview_flutter:
    :path: ".symlinks/plugins/webview_flutter/ios"

SPEC CHECKSUMS:
  audioplayers: 455322b54050b30ea4b1af7cd9e9d105f74efa8c
  camera: 38cc83ae9a5667bb5a71c7d9edaf60a91920fd4e
  connectivity: 6e94255659cc86dcbef1d452ad3e0491bb1b3e75
  dim: fa3014799fdbbbf47d5d507a85385c8e00f1c706
  Flutter: 50d75fe2f02b26cc09d224853bb45737f8b3214a
  flutter_image_compress: fd2b476345226e1a10ea352fa306af95704642c1
  flutter_sound: 0e8163ceac1e00eb6d894e2ae4641ba726a2c479
  FMDB: 2ce00b547f966261cd18927a3ddb07cb6f3db82a
  image_picker: 16e5fec1fbc87fd3b297c53e4048521eaf17cd06
  libwebp: 6bac0a99ba5a6bb7449a951ff22c484201985f68
  Mantle: 4c0ed6ce47c96eccc4dc3bb071deb3def0e2c3be
  open_file: 02eb5cb6b21264bd3a696876f5afbfb7ca4f4b7d
  package_info_plus: 6c92f08e1f853dc01228d6f553146438dafcd14e
  path_provider: abfe2b5c733d04e238b0d8691db0cfd63a27a93c
  permission_handler: fa6b0d784b1a43cb96b468a5b8365cb130b1956a
  photo_manager: 84fa94fbeb82e607333ea9a13c43b58e0903a463
  Reachability: 33e18b67625424e47b6cde6d202dce689ad7af96
  SDWebImage: 7acbb57630ac7db4a495547fb73916ff3e432f6b
  SDWebImageWebPCoder: bbf46e29fb8d1980a78ad3d5e9b4123c77f10ebc
  shared_preferences: 5033afbb22d372e15aff8ff766df9021b845f273
  sqflite: 6d358c025f5b867b29ed92fc697fd34924e11904
  TXIMSDK_iOS: 015557374d46a549ec63f298e76d1aaf38611284
  url_launcher: a1c0cc845906122c4784c542523d8cacbded5626
  video_player_avfoundation: e489aac24ef5cf7af82702979ed16f2a5ef84cff
  webview_flutter: d2b4d6c66968ad042ad94cbb791f5b72b4678a96
  YYModel: 2a7fdd96aaa4b86a824e26d0c517de8928c04b30

PODFILE CHECKSUM: aafe91acc616949ddb318b77800a7f51bffa2a4c

COCOAPODS: 1.11.3
